{
  "name": "miniprogram",
  "version": "1.0.0",
  "lockfileVersion": 2,
  "requires": true,
  "packages": {
    "": {
      "name": "miniprogram",
      "version": "1.0.0",
      "dependencies": {
        "miniprogram-sm-crypto": "^0.3.11",
        "qqmap-wx-jssdk": "^1.0.0",
        "tdesign-miniprogram": "^0.27.0"
      }
    },
    "node_modules/dayjs": {
      "version": "1.11.6",
      "resolved": "https://registry.npmjs.org/dayjs/-/dayjs-1.11.6.tgz",
      "integrity": "sha512-zZbY5giJAinCG+7AGaw0wIhNZ6J8AhWuSXKvuc1KAyMiRsvGQWqh4L+MomvhdAYjN+lqvVCMq1I41e3YHvXkyQ=="
    },
    "node_modules/jsbn": {
      "version": "1.1.0",
      "resolved": "https://registry.npmjs.org/jsbn/-/jsbn-1.1.0.tgz",
      "integrity": "sha512-4bYVV3aAMtDTTu4+xsDYa6sy9GyJ69/amsu9sYF2zqjiEoZA5xJi3BrfX3uY+/IekIu7MwdObdbDWpoZdBv3/A=="
    },
    "node_modules/miniprogram-sm-crypto": {
      "version": "0.3.11",
      "resolved": "https://registry.npmjs.org/miniprogram-sm-crypto/-/miniprogram-sm-crypto-0.3.11.tgz",
      "integrity": "sha512-PSOFkTfW4VYFUNGv9yFbkpnOezIRugAnaGgSiNhifvXqx1L3YorHRIgSQpkbyYjlMpnMLpFsP/8Dnmt6/DDJYA==",
      "dependencies": {
        "jsbn": "^1.1.0"
      }
    },
    "node_modules/qqmap-wx-jssdk": {
      "version": "1.0.0",
      "resolved": "https://registry.npmjs.org/qqmap-wx-jssdk/-/qqmap-wx-jssdk-1.0.0.tgz",
      "integrity": "sha512-wuaNetsA9/OKEQGgK1CNPsX6pppWpY10cQwQu1OHJplGMyMIMzK2bliMkNXjtry99qXYCsvDAWPqw2DI+/foJg=="
    },
    "node_modules/tdesign-miniprogram": {
      "version": "0.27.0",
      "resolved": "https://registry.npmjs.org/tdesign-miniprogram/-/tdesign-miniprogram-0.27.0.tgz",
      "integrity": "sha512-ASQUUQZP6SvdrEji4krJxshYxEeBzB5HsbwfB3552DbdwdVuNpsqcsX9LCqia4jzExOwUoC1szgtzYFHTPzZGA==",
      "dependencies": {
        "dayjs": "^1.10.7"
      }
    }
  },
  "dependencies": {
    "dayjs": {
      "version": "1.11.6",
      "resolved": "https://registry.npmjs.org/dayjs/-/dayjs-1.11.6.tgz",
      "integrity": "sha512-zZbY5giJAinCG+7AGaw0wIhNZ6J8AhWuSXKvuc1KAyMiRsvGQWqh4L+MomvhdAYjN+lqvVCMq1I41e3YHvXkyQ=="
    },
    "jsbn": {
      "version": "1.1.0",
      "resolved": "https://registry.npmjs.org/jsbn/-/jsbn-1.1.0.tgz",
      "integrity": "sha512-4bYVV3aAMtDTTu4+xsDYa6sy9GyJ69/amsu9sYF2zqjiEoZA5xJi3BrfX3uY+/IekIu7MwdObdbDWpoZdBv3/A=="
    },
    "miniprogram-sm-crypto": {
      "version": "0.3.11",
      "resolved": "https://registry.npmjs.org/miniprogram-sm-crypto/-/miniprogram-sm-crypto-0.3.11.tgz",
      "integrity": "sha512-PSOFkTfW4VYFUNGv9yFbkpnOezIRugAnaGgSiNhifvXqx1L3YorHRIgSQpkbyYjlMpnMLpFsP/8Dnmt6/DDJYA==",
      "requires": {
        "jsbn": "^1.1.0"
      }
    },
    "qqmap-wx-jssdk": {
      "version": "1.0.0",
      "resolved": "https://registry.npmjs.org/qqmap-wx-jssdk/-/qqmap-wx-jssdk-1.0.0.tgz",
      "integrity": "sha512-wuaNetsA9/OKEQGgK1CNPsX6pppWpY10cQwQu1OHJplGMyMIMzK2bliMkNXjtry99qXYCsvDAWPqw2DI+/foJg=="
    },
    "tdesign-miniprogram": {
      "version": "0.27.0",
      "resolved": "https://registry.npmjs.org/tdesign-miniprogram/-/tdesign-miniprogram-0.27.0.tgz",
      "integrity": "sha512-ASQUUQZP6SvdrEji4krJxshYxEeBzB5HsbwfB3552DbdwdVuNpsqcsX9LCqia4jzExOwUoC1szgtzYFHTPzZGA==",
      "requires": {
        "dayjs": "^1.10.7"
      }
    }
  }
}
